
Microsoft Visual Studio Solution File, Format Version 12.00
# Visual Studio Version 17
VisualStudioVersion = 17.4.33122.133
MinimumVisualStudioVersion = 10.0.40219.1
Project("{FAE04EC0-301F-11D3-BF4B-00C04F79EFBC}") = "CurrencyExchangeApp", "CurrencyExchangeApp.csproj", "{555A6DB7-112D-4A98-B3CD-BB466DD22258}"
EndProject
Project("{FAE04EC0-301F-11D3-BF4B-00C04F79EFBC}") = "CurrencyConverter", "..\CurrencyConverter\CurrencyConverter.csproj", "{494C1ACB-5E3C-492C-B745-4A258A831F7A}"
EndProject
Global
	GlobalSection(SolutionConfigurationPlatforms) = preSolution
		Debug|Any CPU = Debug|Any CPU
		Release|Any CPU = Release|Any CPU
	EndGlobalSection
	GlobalSection(ProjectConfigurationPlatforms) = postSolution
		{555A6DB7-112D-4A98-B3CD-BB466DD22258}.Debug|Any CPU.ActiveCfg = Debug|Any CPU
		{555A6DB7-112D-4A98-B3CD-BB466DD22258}.Debug|Any CPU.Build.0 = Debug|Any CPU
		{555A6DB7-112D-4A98-B3CD-BB466DD22258}.Release|Any CPU.ActiveCfg = Release|Any CPU
		{555A6DB7-112D-4A98-B3CD-BB466DD22258}.Release|Any CPU.Build.0 = Release|Any CPU
		{494C1ACB-5E3C-492C-B745-4A258A831F7A}.Debug|Any CPU.ActiveCfg = Debug|Any CPU
		{494C1ACB-5E3C-492C-B745-4A258A831F7A}.Debug|Any CPU.Build.0 = Debug|Any CPU
		{494C1ACB-5E3C-492C-B745-4A258A831F7A}.Release|Any CPU.ActiveCfg = Release|Any CPU
		{494C1ACB-5E3C-492C-B745-4A258A831F7A}.Release|Any CPU.Build.0 = Release|Any CPU
	EndGlobalSection
	GlobalSection(SolutionProperties) = preSolution
		HideSolutionNode = FALSE
	EndGlobalSection
	GlobalSection(ExtensibilityGlobals) = postSolution
		SolutionGuid = {C5B629F3-A771-4C25-A89B-CF631CB9CA79}
	EndGlobalSection
EndGlobal
