
Microsoft Visual Studio Solution File, Format Version 12.00
# Visual Studio Version 17
VisualStudioVersion = 17.4.33122.133
MinimumVisualStudioVersion = 10.0.40219.1
Project("{FAE04EC0-301F-11D3-BF4B-00C04F79EFBC}") = "DataAdapterTask", "DataAdapterTask.csproj", "{F7BD4111-78D4-4E71-8D7E-0D72A82CF96B}"
EndProject
Global
	GlobalSection(SolutionConfigurationPlatforms) = preSolution
		Debug|Any CPU = Debug|Any CPU
		Release|Any CPU = Release|Any CPU
	EndGlobalSection
	GlobalSection(ProjectConfigurationPlatforms) = postSolution
		{F7BD4111-78D4-4E71-8D7E-0D72A82CF96B}.Debug|Any CPU.ActiveCfg = Debug|Any CPU
		{F7BD4111-78D4-4E71-8D7E-0D72A82CF96B}.Debug|Any CPU.Build.0 = Debug|Any CPU
		{F7BD4111-78D4-4E71-8D7E-0D72A82CF96B}.Release|Any CPU.ActiveCfg = Release|Any CPU
		{F7BD4111-78D4-4E71-8D7E-0D72A82CF96B}.Release|Any CPU.Build.0 = Release|Any CPU
	EndGlobalSection
	GlobalSection(SolutionProperties) = preSolution
		HideSolutionNode = FALSE
	EndGlobalSection
	GlobalSection(ExtensibilityGlobals) = postSolution
		SolutionGuid = {7C723773-0B75-4527-BC16-5DB746AC07AC}
	EndGlobalSection
EndGlobal
